{
  "name": "basic",
  "lockfileVersion": 2,
  "requires": true,
  "packages": {
    "": {
      "dependencies": {
        "@socketry/live": "^0.2.0"
      }
    },
    "node_modules/@socketry/live": {
      "version": "0.2.0",
      "resolved": "https://registry.npmjs.org/@socketry/live/-/live-0.2.0.tgz",
      "integrity": "sha512-ViQyguR/eu3WNujpPZdAtniTRmDl/JY8auXKsAe9wuSL4yCx/CH5pM9IVbGpap1m5PrRy/ts7dECmmJ2Fuc7mw==",
      "dependencies": {
        "morphdom": "^2.6.1"
      }
    },
    "node_modules/morphdom": {
      "version": "2.6.1",
      "resolved": "https://registry.npmjs.org/morphdom/-/morphdom-2.6.1.tgz",
      "integrity": "sha512-Y8YRbAEP3eKykroIBWrjcfMw7mmwJfjhqdpSvoqinu8Y702nAwikpXcNFDiIkyvfCLxLM9Wu95RZqo4a9jFBaA=="
    }
  },
  "dependencies": {
    "@socketry/live": {
      "version": "0.2.0",
      "resolved": "https://registry.npmjs.org/@socketry/live/-/live-0.2.0.tgz",
      "integrity": "sha512-ViQyguR/eu3WNujpPZdAtniTRmDl/JY8auXKsAe9wuSL4yCx/CH5pM9IVbGpap1m5PrRy/ts7dECmmJ2Fuc7mw==",
      "requires": {
        "morphdom": "^2.6.1"
      }
    },
    "morphdom": {
      "version": "2.6.1",
      "resolved": "https://registry.npmjs.org/morphdom/-/morphdom-2.6.1.tgz",
      "integrity": "sha512-Y8YRbAEP3eKykroIBWrjcfMw7mmwJfjhqdpSvoqinu8Y702nAwikpXcNFDiIkyvfCLxLM9Wu95RZqo4a9jFBaA=="
    }
  }
}
