# THIS IS AN AUTOGENERATED FILE. DO NOT EDIT THIS FILE DIRECTLY.
# yarn lockfile v1


"@socketry/live@^0.2.0":
  "integrity" "sha512-ViQyguR/eu3WNujpPZdAtniTRmDl/JY8auXKsAe9wuSL4yCx/CH5pM9IVbGpap1m5PrRy/ts7dECmmJ2Fuc7mw=="
  "resolved" "https://registry.npmjs.org/@socketry/live/-/live-0.2.0.tgz"
  "version" "0.2.0"
  dependencies:
    "morphdom" "^2.6.1"

"morphdom@^2.6.1":
  "integrity" "sha512-Y8YRbAEP3eKykroIBWrjcfMw7mmwJfjhqdpSvoqinu8Y702nAwikpXcNFDiIkyvfCLxLM9Wu95RZqo4a9jFBaA=="
  "resolved" "https://registry.npmjs.org/morphdom/-/morphdom-2.6.1.tgz"
  "version" "2.6.1"
