{
	"name": ".website",
	"lockfileVersion": 3,
	"requires": true,
	"packages": {
		"": {
			"dependencies": {
				"@socketry/live": "^0.16"
			}
		},
		"node_modules/@socketry/live": {
			"version": "0.16.0",
			"resolved": "https://registry.npmjs.org/@socketry/live/-/live-0.16.0.tgz",
			"integrity": "sha512-bf+RkpvwJnN5N/sQkZeIZcdWdzdEmy4hZvbrIyUXlw6v6VVCZfbN8FLMzGcTcNU3m0HX4b77wtC0o8U/36FbXA==",
			"license": "MIT",
			"dependencies": {
				"morphdom": "^2.7"
			}
		},
		"node_modules/morphdom": {
			"version": "2.7.7",
			"resolved": "https://registry.npmjs.org/morphdom/-/morphdom-2.7.7.tgz",
			"integrity": "sha512-04GmsiBcalrSCNmzfo+UjU8tt3PhZJKzcOy+r1FlGA7/zri8wre3I1WkYN9PT3sIeIKfW9bpyElA+VzOg2E24g==",
			"license": "MIT"
		}
	}
}
